
Microsoft Visual Studio Solution File, Format Version 12.00
# Visual Studio 15
VisualStudioVersion = 15.0.27004.2005
MinimumVisualStudioVersion = 10.0.40219.1
Project("{FAE04EC0-301F-11D3-BF4B-00C04F79EFBC}") = "ViGEmClient", "..\NET\ViGEmClient\ViGEmClient.csproj", "{AA18EBCF-7E9D-4BC5-8760-E8C6E9A773E5}"
EndProject
Project("{FAE04EC0-301F-11D3-BF4B-00C04F79EFBC}") = "HidCerberus.Srv", "..\NET\HidCerberus.Srv\HidCerberus.Srv.csproj", "{0F3E263A-5FF4-4572-AF1B-06E249FABC7D}"
EndProject
Project("{2150E333-8FDC-42A3-9474-1A3956D46DE8}") = "ViGEm", "ViGEm", "{D28A7A72-91A1-4C11-AE76-FF0D1641E2A7}"
EndProject
Project("{2150E333-8FDC-42A3-9474-1A3956D46DE8}") = "HidGuardian", "HidGuardian", "{4DEFC33A-5634-4A02-8FD0-3C493137C6C9}"
EndProject
Project("{FAE04EC0-301F-11D3-BF4B-00C04F79EFBC}") = "ViGEmTester.NET", "..\NET\ViGEmTester.NET\ViGEmTester.NET.csproj", "{7659F652-836B-4ADD-83E1-F615ACFF24A3}"
EndProject
Global
	GlobalSection(SolutionConfigurationPlatforms) = preSolution
		Debug|Any CPU = Debug|Any CPU
		Release|Any CPU = Release|Any CPU
	EndGlobalSection
	GlobalSection(ProjectConfigurationPlatforms) = postSolution
		{AA18EBCF-7E9D-4BC5-8760-E8C6E9A773E5}.Debug|Any CPU.ActiveCfg = Debug|Any CPU
		{AA18EBCF-7E9D-4BC5-8760-E8C6E9A773E5}.Debug|Any CPU.Build.0 = Debug|Any CPU
		{AA18EBCF-7E9D-4BC5-8760-E8C6E9A773E5}.Release|Any CPU.ActiveCfg = Release|Any CPU
		{AA18EBCF-7E9D-4BC5-8760-E8C6E9A773E5}.Release|Any CPU.Build.0 = Release|Any CPU
		{0F3E263A-5FF4-4572-AF1B-06E249FABC7D}.Debug|Any CPU.ActiveCfg = Debug|Any CPU
		{0F3E263A-5FF4-4572-AF1B-06E249FABC7D}.Debug|Any CPU.Build.0 = Debug|Any CPU
		{0F3E263A-5FF4-4572-AF1B-06E249FABC7D}.Release|Any CPU.ActiveCfg = Release|Any CPU
		{0F3E263A-5FF4-4572-AF1B-06E249FABC7D}.Release|Any CPU.Build.0 = Release|Any CPU
		{7659F652-836B-4ADD-83E1-F615ACFF24A3}.Debug|Any CPU.ActiveCfg = Debug|Any CPU
		{7659F652-836B-4ADD-83E1-F615ACFF24A3}.Debug|Any CPU.Build.0 = Debug|Any CPU
		{7659F652-836B-4ADD-83E1-F615ACFF24A3}.Release|Any CPU.ActiveCfg = Release|Any CPU
		{7659F652-836B-4ADD-83E1-F615ACFF24A3}.Release|Any CPU.Build.0 = Release|Any CPU
	EndGlobalSection
	GlobalSection(SolutionProperties) = preSolution
		HideSolutionNode = FALSE
	EndGlobalSection
	GlobalSection(NestedProjects) = preSolution
		{AA18EBCF-7E9D-4BC5-8760-E8C6E9A773E5} = {D28A7A72-91A1-4C11-AE76-FF0D1641E2A7}
		{0F3E263A-5FF4-4572-AF1B-06E249FABC7D} = {4DEFC33A-5634-4A02-8FD0-3C493137C6C9}
		{7659F652-836B-4ADD-83E1-F615ACFF24A3} = {D28A7A72-91A1-4C11-AE76-FF0D1641E2A7}
	EndGlobalSection
	GlobalSection(ExtensibilityGlobals) = postSolution
		SolutionGuid = {7C8E6CC4-BC33-4E9A-8BBB-96CA9C57B51A}
	EndGlobalSection
EndGlobal
